// !$*UTF8*$!
{
	archiveVersion = 1;
	classes = {
	};
	objectVersion = 46;
	objects = {

/* Begin PBXBuildFile section */
		48CA20121D79041A000D1061 /* AppDelegate.swift in Sources */ = {isa = PBXBuildFile; fileRef = 48CA20111D79041A000D1061 /* AppDelegate.swift */; };
		48CA20141D79041A000D1061 /* ViewController.swift in Sources */ = {isa = PBXBuildFile; fileRef = 48CA20131D79041A000D1061 /* ViewController.swift */; };
		48CA20171D79041A000D1061 /* Main.storyboard in Resources */ = {isa = PBXBuildFile; fileRef = 48CA20151D79041A000D1061 /* Main.storyboard */; };
		48CA20191D79041A000D1061 /* Assets.xcassets in Resources */ = {isa = PBXBuildFile; fileRef = 48CA20181D79041A000D1061 /* Assets.xcassets */; };
		48CA201C1D79041A000D1061 /* LaunchScreen.storyboard in Resources */ = {isa = PBXBuildFile; fileRef = 48CA201A1D79041A000D1061 /* LaunchScreen.storyboard */; };
		48CA20241D790596000D1061 /* PingTransitionAnimation.swift in Sources */ = {isa = PBXBuildFile; fileRef = 48CA20231D790596000D1061 /* PingTransitionAnimation.swift */; };
		48CA20261D791994000D1061 /* PresentedViewController.swift in Sources */ = {isa = PBXBuildFile; fileRef = 48CA20251D791994000D1061 /* PresentedViewController.swift */; };
/* End PBXBuildFile section */

/* Begin PBXFileReference section */
		48CA200E1D79041A000D1061 /* PingTransitionDemo.app */ = {isa = PBXFileReference; explicitFileType = wrapper.application; includeInIndex = 0; path = PingTransitionDemo.app; sourceTree = BUILT_PRODUCTS_DIR; };
		48CA20111D79041A000D1061 /* AppDelegate.swift */ = {isa = PBXFileReference; lastKnownFileType = sourcecode.swift; path = AppDelegate.swift; sourceTree = "<group>"; };
		48CA20131D79041A000D1061 /* ViewController.swift */ = {isa = PBXFileReference; lastKnownFileType = sourcecode.swift; path = ViewController.swift; sourceTree = "<group>"; };
		48CA20161D79041A000D1061 /* Base */ = {isa = PBXFileReference; lastKnownFileType = file.storyboard; name = Base; path = Base.lproj/Main.storyboard; sourceTree = "<group>"; };
		48CA20181D79041A000D1061 /* Assets.xcassets */ = {isa = PBXFileReference; lastKnownFileType = folder.assetcatalog; path = Assets.xcassets; sourceTree = "<group>"; };
		48CA201B1D79041A000D1061 /* Base */ = {isa = PBXFileReference; lastKnownFileType = file.storyboard; name = Base; path = Base.lproj/LaunchScreen.storyboard; sourceTree = "<group>"; };
		48CA201D1D79041A000D1061 /* Info.plist */ = {isa = PBXFileReference; lastKnownFileType = text.plist.xml; path = Info.plist; sourceTree = "<group>"; };
		48CA20231D790596000D1061 /* PingTransitionAnimation.swift */ = {isa = PBXFileReference; fileEncoding = 4; lastKnownFileType = sourcecode.swift; path = PingTransitionAnimation.swift; sourceTree = "<group>"; };
		48CA20251D791994000D1061 /* PresentedViewController.swift */ = {isa = PBXFileReference; fileEncoding = 4; lastKnownFileType = sourcecode.swift; path = PresentedViewController.swift; sourceTree = "<group>"; };
/* End PBXFileReference section */

/* Begin PBXFrameworksBuildPhase section */
		48CA200B1D79041A000D1061 /* Frameworks */ = {
			isa = PBXFrameworksBuildPhase;
			buildActionMask = 2147483647;
			files = (
			);
			runOnlyForDeploymentPostprocessing = 0;
		};
/* End PBXFrameworksBuildPhase section */

/* Begin PBXGroup section */
		48CA20051D79041A000D1061 = {
			isa = PBXGroup;
			children = (
				48CA20101D79041A000D1061 /* PingTransitionDemo */,
				48CA200F1D79041A000D1061 /* Products */,
			);
			sourceTree = "<group>";
		};
		48CA200F1D79041A000D1061 /* Products */ = {
			isa = PBXGroup;
			children = (
				48CA200E1D79041A000D1061 /* PingTransitionDemo.app */,
			);
			name = Products;
			sourceTree = "<group>";
		};
		48CA20101D79041A000D1061 /* PingTransitionDemo */ = {
			isa = PBXGroup;
			children = (
				48CA20111D79041A000D1061 /* AppDelegate.swift */,
				48CA20131D79041A000D1061 /* ViewController.swift */,
				48CA20251D791994000D1061 /* PresentedViewController.swift */,
				48CA20151D79041A000D1061 /* Main.storyboard */,
				48CA20231D790596000D1061 /* PingTransitionAnimation.swift */,
				48CA20181D79041A000D1061 /* Assets.xcassets */,
				48CA201A1D79041A000D1061 /* LaunchScreen.storyboard */,
				48CA201D1D79041A000D1061 /* Info.plist */,
			);
			path = PingTransitionDemo;
			sourceTree = "<group>";
		};
/* End PBXGroup section */

/* Begin PBXNativeTarget section */
		48CA200D1D79041A000D1061 /* PingTransitionDemo */ = {
			isa = PBXNativeTarget;
			buildConfigurationList = 48CA20201D79041A000D1061 /* Build configuration list for PBXNativeTarget "PingTransitionDemo" */;
			buildPhases = (
				48CA200A1D79041A000D1061 /* Sources */,
				48CA200B1D79041A000D1061 /* Frameworks */,
				48CA200C1D79041A000D1061 /* Resources */,
			);
			buildRules = (
			);
			dependencies = (
			);
			name = PingTransitionDemo;
			productName = PingTransitionDemo;
			productReference = 48CA200E1D79041A000D1061 /* PingTransitionDemo.app */;
			productType = "com.apple.product-type.application";
		};
/* End PBXNativeTarget section */

/* Begin PBXProject section */
		48CA20061D79041A000D1061 /* Project object */ = {
			isa = PBXProject;
			attributes = {
				LastSwiftUpdateCheck = 0730;
				LastUpgradeCheck = 0730;
				ORGANIZATIONNAME = delphi;
				TargetAttributes = {
					48CA200D1D79041A000D1061 = {
						CreatedOnToolsVersion = 7.3;
					};
				};
			};
			buildConfigurationList = 48CA20091D79041A000D1061 /* Build configuration list for PBXProject "PingTransitionDemo" */;
			compatibilityVersion = "Xcode 3.2";
			developmentRegion = English;
			hasScannedForEncodings = 0;
			knownRegions = (
				en,
				Base,
			);
			mainGroup = 48CA20051D79041A000D1061;
			productRefGroup = 48CA200F1D79041A000D1061 /* Products */;
			projectDirPath = "";
			projectRoot = "";
			targets = (
				48CA200D1D79041A000D1061 /* PingTransitionDemo */,
			);
		};
/* End PBXProject section */

/* Begin PBXResourcesBuildPhase section */
		48CA200C1D79041A000D1061 /* Resources */ = {
			isa = PBXResourcesBuildPhase;
			buildActionMask = 2147483647;
			files = (
				48CA201C1D79041A000D1061 /* LaunchScreen.storyboard in Resources */,
				48CA20191D79041A000D1061 /* Assets.xcassets in Resources */,
				48CA20171D79041A000D1061 /* Main.storyboard in Resources */,
			);
			runOnlyForDeploymentPostprocessing = 0;
		};
/* End PBXResourcesBuildPhase section */

/* Begin PBXSourcesBuildPhase section */
		48CA200A1D79041A000D1061 /* Sources */ = {
			isa = PBXSourcesBuildPhase;
			buildActionMask = 2147483647;
			files = (
				48CA20141D79041A000D1061 /* ViewController.swift in Sources */,
				48CA20261D791994000D1061 /* PresentedViewController.swift in Sources */,
				48CA20241D790596000D1061 /* PingTransitionAnimation.swift in Sources */,
				48CA20121D79041A000D1061 /* AppDelegate.swift in Sources */,
			);
			runOnlyForDeploymentPostprocessing = 0;
		};
/* End PBXSourcesBuildPhase section */

/* Begin PBXVariantGroup section */
		48CA20151D79041A000D1061 /* Main.storyboard */ = {
			isa = PBXVariantGroup;
			children = (
				48CA20161D79041A000D1061 /* Base */,
			);
			name = Main.storyboard;
			sourceTree = "<group>";
		};
		48CA201A1D79041A000D1061 /* LaunchScreen.storyboard */ = {
			isa = PBXVariantGroup;
			children = (
				48CA201B1D79041A000D1061 /* Base */,
			);
			name = LaunchScreen.storyboard;
			sourceTree = "<group>";
		};
/* End PBXVariantGroup section */

/* Begin XCBuildConfiguration section */
		48CA201E1D79041A000D1061 /* Debug */ = {
			isa = XCBuildConfiguration;
			buildSettings = {
				ALWAYS_SEARCH_USER_PATHS = NO;
				CLANG_ANALYZER_NONNULL = YES;
				CLANG_CXX_LANGUAGE_STANDARD = "gnu++0x";
				CLANG_CXX_LIBRARY = "libc++";
				CLANG_ENABLE_MODULES = YES;
				CLANG_ENABLE_OBJC_ARC = YES;
				CLANG_WARN_BOOL_CONVERSION = YES;
				CLANG_WARN_CONSTANT_CONVERSION = YES;
				CLANG_WARN_DIRECT_OBJC_ISA_USAGE = YES_ERROR;
				CLANG_WARN_EMPTY_BODY = YES;
				CLANG_WARN_ENUM_CONVERSION = YES;
				CLANG_WARN_INT_CONVERSION = YES;
				CLANG_WARN_OBJC_ROOT_CLASS = YES_ERROR;
				CLANG_WARN_UNREACHABLE_CODE = YES;
				CLANG_WARN__DUPLICATE_METHOD_MATCH = YES;
				"CODE_SIGN_IDENTITY[sdk=iphoneos*]" = "iPhone Developer";
				COPY_PHASE_STRIP = NO;
				DEBUG_INFORMATION_FORMAT = dwarf;
				ENABLE_STRICT_OBJC_MSGSEND = YES;
				ENABLE_TESTABILITY = YES;
				GCC_C_LANGUAGE_STANDARD = gnu99;
				GCC_DYNAMIC_NO_PIC = NO;
				GCC_NO_COMMON_BLOCKS = YES;
				GCC_OPTIMIZATION_LEVEL = 0;
				GCC_PREPROCESSOR_DEFINITIONS = (
					"DEBUG=1",
					"$(inherited)",
				);
				GCC_WARN_64_TO_32_BIT_CONVERSION = YES;
				GCC_WARN_ABOUT_RETURN_TYPE = YES_ERROR;
				GCC_WARN_UNDECLARED_SELECTOR = YES;
				GCC_WARN_UNINITIALIZED_AUTOS = YES_AGGRESSIVE;
				GCC_WARN_UNUSED_FUNCTION = YES;
				GCC_WARN_UNUSED_VARIABLE = YES;
				IPHONEOS_DEPLOYMENT_TARGET = 9.3;
				MTL_ENABLE_DEBUG_INFO = YES;
				ONLY_ACTIVE_ARCH = YES;
				SDKROOT = iphoneos;
				SWIFT_OPTIMIZATION_LEVEL = "-Onone";
			};
			name = Debug;
		};
		48CA201F1D79041A000D1061 /* Release */ = {
			isa = XCBuildConfiguration;
			buildSettings = {
				ALWAYS_SEARCH_USER_PATHS = NO;
				CLANG_ANALYZER_NONNULL = YES;
				CLANG_CXX_LANGUAGE_STANDARD = "gnu++0x";
				CLANG_CXX_LIBRARY = "libc++";
				CLANG_ENABLE_MODULES = YES;
				CLANG_ENABLE_OBJC_ARC = YES;
				CLANG_WARN_BOOL_CONVERSION = YES;
				CLANG_WARN_CONSTANT_CONVERSION = YES;
				CLANG_WARN_DIRECT_OBJC_ISA_USAGE = YES_ERROR;
				CLANG_WARN_EMPTY_BODY = YES;
				CLANG_WARN_ENUM_CONVERSION = YES;
				CLANG_WARN_INT_CONVERSION = YES;
				CLANG_WARN_OBJC_ROOT_CLASS = YES_ERROR;
				CLANG_WARN_UNREACHABLE_CODE = YES;
				CLANG_WARN__DUPLICATE_METHOD_MATCH = YES;
				"CODE_SIGN_IDENTITY[sdk=iphoneos*]" = "iPhone Developer";
				COPY_PHASE_STRIP = NO;
				DEBUG_INFORMATION_FORMAT = "dwarf-with-dsym";
				ENABLE_NS_ASSERTIONS = NO;
				ENABLE_STRICT_OBJC_MSGSEND = YES;
				GCC_C_LANGUAGE_STANDARD = gnu99;
				GCC_NO_COMMON_BLOCKS = YES;
				GCC_WARN_64_TO_32_BIT_CONVERSION = YES;
				GCC_WARN_ABOUT_RETURN_TYPE = YES_ERROR;
				GCC_WARN_UNDECLARED_SELECTOR = YES;
				GCC_WARN_UNINITIALIZED_AUTOS = YES_AGGRESSIVE;
				GCC_WARN_UNUSED_FUNCTION = YES;
				GCC_WARN_UNUSED_VARIABLE = YES;
				IPHONEOS_DEPLOYMENT_TARGET = 9.3;
				MTL_ENABLE_DEBUG_INFO = NO;
				SDKROOT = iphoneos;
				VALIDATE_PRODUCT = YES;
			};
			name = Release;
		};
		48CA20211D79041A000D1061 /* Debug */ = {
			isa = XCBuildConfiguration;
			buildSettings = {
				ASSETCATALOG_COMPILER_APPICON_NAME = AppIcon;
				INFOPLIST_FILE = PingTransitionDemo/Info.plist;
				LD_RUNPATH_SEARCH_PATHS = "$(inherited) @executable_path/Frameworks";
				PRODUCT_BUNDLE_IDENTIFIER = com.delphi.PingTransitionDemo;
				PRODUCT_NAME = "$(TARGET_NAME)";
			};
			name = Debug;
		};
		48CA20221D79041A000D1061 /* Release */ = {
			isa = XCBuildConfiguration;
			buildSettings = {
				ASSETCATALOG_COMPILER_APPICON_NAME = AppIcon;
				INFOPLIST_FILE = PingTransitionDemo/Info.plist;
				LD_RUNPATH_SEARCH_PATHS = "$(inherited) @executable_path/Frameworks";
				PRODUCT_BUNDLE_IDENTIFIER = com.delphi.PingTransitionDemo;
				PRODUCT_NAME = "$(TARGET_NAME)";
			};
			name = Release;
		};
/* End XCBuildConfiguration section */

/* Begin XCConfigurationList section */
		48CA20091D79041A000D1061 /* Build configuration list for PBXProject "PingTransitionDemo" */ = {
			isa = XCConfigurationList;
			buildConfigurations = (
				48CA201E1D79041A000D1061 /* Debug */,
				48CA201F1D79041A000D1061 /* Release */,
			);
			defaultConfigurationIsVisible = 0;
			defaultConfigurationName = Release;
		};
		48CA20201D79041A000D1061 /* Build configuration list for PBXNativeTarget "PingTransitionDemo" */ = {
			isa = XCConfigurationList;
			buildConfigurations = (
				48CA20211D79041A000D1061 /* Debug */,
				48CA20221D79041A000D1061 /* Release */,
			);
			defaultConfigurationIsVisible = 0;
		};
/* End XCConfigurationList section */
	};
	rootObject = 48CA20061D79041A000D1061 /* Project object */;
}
